// !$*UTF8*$!
{
	archiveVersion = 1;
	classes = {
	};
	objectVersion = 46;
	objects = {

/* Begin PBXBuildFile section */
		FB2CD9E719974A6500F0B17A /* Foundation.framework in Frameworks */ = {isa = PBXBuildFile; fileRef = FB2CD9E619974A6500F0B17A /* Foundation.framework */; };
		FB2CD9E919974A6500F0B17A /* CoreGraphics.framework in Frameworks */ = {isa = PBXBuildFile; fileRef = FB2CD9E819974A6500F0B17A /* CoreGraphics.framework */; };
		FB2CD9EB19974A6500F0B17A /* UIKit.framework in Frameworks */ = {isa = PBXBuildFile; fileRef = FB2CD9EA19974A6500F0B17A /* UIKit.framework */; };
		FB2CD9F119974A6500F0B17A /* InfoPlist.strings in Resources */ = {isa = PBXBuildFile; fileRef = FB2CD9EF19974A6500F0B17A /* InfoPlist.strings */; };
		FB2CD9F319974A6500F0B17A /* main.m in Sources */ = {isa = PBXBuildFile; fileRef = FB2CD9F219974A6500F0B17A /* main.m */; };
		FB2CD9F719974A6500F0B17A /* MUAppDelegate.m in Sources */ = {isa = PBXBuildFile; fileRef = FB2CD9F619974A6500F0B17A /* MUAppDelegate.m */; };
		FB2CD9FA19974A6500F0B17A /* Main_iPhone.storyboard in Resources */ = {isa = PBXBuildFile; fileRef = FB2CD9F819974A6500F0B17A /* Main_iPhone.storyboard */; };
		FB2CD9FD19974A6500F0B17A /* Main_iPad.storyboard in Resources */ = {isa = PBXBuildFile; fileRef = FB2CD9FB19974A6500F0B17A /* Main_iPad.storyboard */; };
		FB2CDA0019974A6500F0B17A /* MUViewController.m in Sources */ = {isa = PBXBuildFile; fileRef = FB2CD9FF19974A6500F0B17A /* MUViewController.m */; };
		FB2CDA0219974A6500F0B17A /* Images.xcassets in Resources */ = {isa = PBXBuildFile; fileRef = FB2CDA0119974A6500F0B17A /* Images.xcassets */; };
		FB2CDA0919974A6500F0B17A /* XCTest.framework in Frameworks */ = {isa = PBXBuildFile; fileRef = FB2CDA0819974A6500F0B17A /* XCTest.framework */; };
		FB2CDA0A19974A6500F0B17A /* Foundation.framework in Frameworks */ = {isa = PBXBuildFile; fileRef = FB2CD9E619974A6500F0B17A /* Foundation.framework */; };
		FB2CDA0B19974A6500F0B17A /* UIKit.framework in Frameworks */ = {isa = PBXBuildFile; fileRef = FB2CD9EA19974A6500F0B17A /* UIKit.framework */; };
		FB2CDA1319974A6500F0B17A /* InfoPlist.strings in Resources */ = {isa = PBXBuildFile; fileRef = FB2CDA1119974A6500F0B17A /* InfoPlist.strings */; };
		FB2CDA1519974A6500F0B17A /* ScrubPhotoTests.m in Sources */ = {isa = PBXBuildFile; fileRef = FB2CDA1419974A6500F0B17A /* ScrubPhotoTests.m */; };
		FB2CDA2119974B3C00F0B17A /* MUCommon.c in Sources */ = {isa = PBXBuildFile; fileRef = FB2CDA2019974B3C00F0B17A /* MUCommon.c */; };
		FB2CDA2419974B7900F0B17A /* MUToolBar.m in Sources */ = {isa = PBXBuildFile; fileRef = FB2CDA2319974B7900F0B17A /* MUToolBar.m */; };
		FB2CDA2719974B9600F0B17A /* MUPath.m in Sources */ = {isa = PBXBuildFile; fileRef = FB2CDA2619974B9600F0B17A /* MUPath.m */; };
		FB2CDA2A19974BB000F0B17A /* MUToast.m in Sources */ = {isa = PBXBuildFile; fileRef = FB2CDA2919974BB000F0B17A /* MUToast.m */; };
		FB2CDA2D19974BD800F0B17A /* MUScrubView.m in Sources */ = {isa = PBXBuildFile; fileRef = FB2CDA2C19974BD800F0B17A /* MUScrubView.m */; };
		FB2CDA3219974C4700F0B17A /* MUAdView.m in Sources */ = {isa = PBXBuildFile; fileRef = FB2CDA3119974C4700F0B17A /* MUAdView.m */; };
		FB6FBDB71997C10400E1103C /* monarisa.jpg in Resources */ = {isa = PBXBuildFile; fileRef = FB6FBDB41997C10400E1103C /* monarisa.jpg */; };
		FB6FBDBB1997C12100E1103C /* shapeButton.png in Resources */ = {isa = PBXBuildFile; fileRef = FB6FBDBA1997C12100E1103C /* shapeButton.png */; };
		FB6FBDBE1997C3DB00E1103C /* UIImage+Resize.m in Sources */ = {isa = PBXBuildFile; fileRef = FB6FBDBD1997C3DB00E1103C /* UIImage+Resize.m */; };
		FB6FBDC01997C97C00E1103C /* shapeButton.svg in Resources */ = {isa = PBXBuildFile; fileRef = FB6FBDBF1997C97C00E1103C /* shapeButton.svg */; };
		FB6FBDC31997CB3A00E1103C /* colorButton.png in Resources */ = {isa = PBXBuildFile; fileRef = FB6FBDC11997CB3A00E1103C /* colorButton.png */; };
		FB6FBDC41997CB3A00E1103C /* colorButton.svg in Resources */ = {isa = PBXBuildFile; fileRef = FB6FBDC21997CB3A00E1103C /* colorButton.svg */; };
		FB6FBDCB1998E49300E1103C /* gogh.jpg in Resources */ = {isa = PBXBuildFile; fileRef = FB6FBDC61998E49300E1103C /* gogh.jpg */; };
/* End PBXBuildFile section */

/* Begin PBXContainerItemProxy section */
		FB2CDA0C19974A6500F0B17A /* PBXContainerItemProxy */ = {
			isa = PBXContainerItemProxy;
			containerPortal = FB2CD9DB19974A6500F0B17A /* Project object */;
			proxyType = 1;
			remoteGlobalIDString = FB2CD9E219974A6500F0B17A;
			remoteInfo = ScrubPhoto;
		};
/* End PBXContainerItemProxy section */

/* Begin PBXFileReference section */
		FB2CD9E319974A6500F0B17A /* ScrubPhoto.app */ = {isa = PBXFileReference; explicitFileType = wrapper.application; includeInIndex = 0; path = ScrubPhoto.app; sourceTree = BUILT_PRODUCTS_DIR; };
		FB2CD9E619974A6500F0B17A /* Foundation.framework */ = {isa = PBXFileReference; lastKnownFileType = wrapper.framework; name = Foundation.framework; path = System/Library/Frameworks/Foundation.framework; sourceTree = SDKROOT; };
		FB2CD9E819974A6500F0B17A /* CoreGraphics.framework */ = {isa = PBXFileReference; lastKnownFileType = wrapper.framework; name = CoreGraphics.framework; path = System/Library/Frameworks/CoreGraphics.framework; sourceTree = SDKROOT; };
		FB2CD9EA19974A6500F0B17A /* UIKit.framework */ = {isa = PBXFileReference; lastKnownFileType = wrapper.framework; name = UIKit.framework; path = System/Library/Frameworks/UIKit.framework; sourceTree = SDKROOT; };
		FB2CD9EE19974A6500F0B17A /* ScrubPhoto-Info.plist */ = {isa = PBXFileReference; lastKnownFileType = text.plist.xml; path = "ScrubPhoto-Info.plist"; sourceTree = "<group>"; };
		FB2CD9F019974A6500F0B17A /* en */ = {isa = PBXFileReference; lastKnownFileType = text.plist.strings; name = en; path = en.lproj/InfoPlist.strings; sourceTree = "<group>"; };
		FB2CD9F219974A6500F0B17A /* main.m */ = {isa = PBXFileReference; lastKnownFileType = sourcecode.c.objc; path = main.m; sourceTree = "<group>"; };
		FB2CD9F419974A6500F0B17A /* ScrubPhoto-Prefix.pch */ = {isa = PBXFileReference; lastKnownFileType = sourcecode.c.h; path = "ScrubPhoto-Prefix.pch"; sourceTree = "<group>"; };
		FB2CD9F519974A6500F0B17A /* MUAppDelegate.h */ = {isa = PBXFileReference; lastKnownFileType = sourcecode.c.h; path = MUAppDelegate.h; sourceTree = "<group>"; };
		FB2CD9F619974A6500F0B17A /* MUAppDelegate.m */ = {isa = PBXFileReference; lastKnownFileType = sourcecode.c.objc; path = MUAppDelegate.m; sourceTree = "<group>"; };
		FB2CD9F919974A6500F0B17A /* Base */ = {isa = PBXFileReference; lastKnownFileType = file.storyboard; name = Base; path = Base.lproj/Main_iPhone.storyboard; sourceTree = "<group>"; };
		FB2CD9FC19974A6500F0B17A /* Base */ = {isa = PBXFileReference; lastKnownFileType = file.storyboard; name = Base; path = Base.lproj/Main_iPad.storyboard; sourceTree = "<group>"; };
		FB2CD9FE19974A6500F0B17A /* MUViewController.h */ = {isa = PBXFileReference; lastKnownFileType = sourcecode.c.h; path = MUViewController.h; sourceTree = "<group>"; };
		FB2CD9FF19974A6500F0B17A /* MUViewController.m */ = {isa = PBXFileReference; lastKnownFileType = sourcecode.c.objc; path = MUViewController.m; sourceTree = "<group>"; };
		FB2CDA0119974A6500F0B17A /* Images.xcassets */ = {isa = PBXFileReference; lastKnownFileType = folder.assetcatalog; path = Images.xcassets; sourceTree = "<group>"; };
		FB2CDA0719974A6500F0B17A /* ScrubPhotoTests.xctest */ = {isa = PBXFileReference; explicitFileType = wrapper.cfbundle; includeInIndex = 0; path = ScrubPhotoTests.xctest; sourceTree = BUILT_PRODUCTS_DIR; };
		FB2CDA0819974A6500F0B17A /* XCTest.framework */ = {isa = PBXFileReference; lastKnownFileType = wrapper.framework; name = XCTest.framework; path = Library/Frameworks/XCTest.framework; sourceTree = DEVELOPER_DIR; };
		FB2CDA1019974A6500F0B17A /* ScrubPhotoTests-Info.plist */ = {isa = PBXFileReference; lastKnownFileType = text.plist.xml; path = "ScrubPhotoTests-Info.plist"; sourceTree = "<group>"; };
		FB2CDA1219974A6500F0B17A /* en */ = {isa = PBXFileReference; lastKnownFileType = text.plist.strings; name = en; path = en.lproj/InfoPlist.strings; sourceTree = "<group>"; };
		FB2CDA1419974A6500F0B17A /* ScrubPhotoTests.m */ = {isa = PBXFileReference; lastKnownFileType = sourcecode.c.objc; path = ScrubPhotoTests.m; sourceTree = "<group>"; };
		FB2CDA1F19974B2700F0B17A /* MUCommonDefine.h */ = {isa = PBXFileReference; lastKnownFileType = sourcecode.c.h; path = MUCommonDefine.h; sourceTree = "<group>"; };
		FB2CDA2019974B3C00F0B17A /* MUCommon.c */ = {isa = PBXFileReference; fileEncoding = 4; lastKnownFileType = sourcecode.c.c; path = MUCommon.c; sourceTree = "<group>"; };
		FB2CDA2219974B7900F0B17A /* MUToolBar.h */ = {isa = PBXFileReference; fileEncoding = 4; lastKnownFileType = sourcecode.c.h; path = MUToolBar.h; sourceTree = "<group>"; };
		FB2CDA2319974B7900F0B17A /* MUToolBar.m */ = {isa = PBXFileReference; fileEncoding = 4; lastKnownFileType = sourcecode.c.objc; path = MUToolBar.m; sourceTree = "<group>"; };
		FB2CDA2519974B9600F0B17A /* MUPath.h */ = {isa = PBXFileReference; fileEncoding = 4; lastKnownFileType = sourcecode.c.h; path = MUPath.h; sourceTree = "<group>"; };
		FB2CDA2619974B9600F0B17A /* MUPath.m */ = {isa = PBXFileReference; fileEncoding = 4; lastKnownFileType = sourcecode.c.objc; path = MUPath.m; sourceTree = "<group>"; };
		FB2CDA2819974BB000F0B17A /* MUToast.h */ = {isa = PBXFileReference; fileEncoding = 4; lastKnownFileType = sourcecode.c.h; path = MUToast.h; sourceTree = "<group>"; };
		FB2CDA2919974BB000F0B17A /* MUToast.m */ = {isa = PBXFileReference; fileEncoding = 4; lastKnownFileType = sourcecode.c.objc; path = MUToast.m; sourceTree = "<group>"; };
		FB2CDA2B19974BD800F0B17A /* MUScrubView.h */ = {isa = PBXFileReference; fileEncoding = 4; lastKnownFileType = sourcecode.c.h; path = MUScrubView.h; sourceTree = "<group>"; };
		FB2CDA2C19974BD800F0B17A /* MUScrubView.m */ = {isa = PBXFileReference; fileEncoding = 4; lastKnownFileType = sourcecode.c.objc; path = MUScrubView.m; sourceTree = "<group>"; };
		FB2CDA2E19974C1100F0B17A /* iAd.framework */ = {isa = PBXFileReference; lastKnownFileType = wrapper.framework; name = iAd.framework; path = System/Library/Frameworks/iAd.framework; sourceTree = SDKROOT; };
		FB2CDA3019974C4700F0B17A /* MUAdView.h */ = {isa = PBXFileReference; fileEncoding = 4; lastKnownFileType = sourcecode.c.h; path = MUAdView.h; sourceTree = "<group>"; };
		FB2CDA3119974C4700F0B17A /* MUAdView.m */ = {isa = PBXFileReference; fileEncoding = 4; lastKnownFileType = sourcecode.c.objc; path = MUAdView.m; sourceTree = "<group>"; };
		FB6FBDB41997C10400E1103C /* monarisa.jpg */ = {isa = PBXFileReference; lastKnownFileType = image.jpeg; path = monarisa.jpg; sourceTree = "<group>"; };
		FB6FBDBA1997C12100E1103C /* shapeButton.png */ = {isa = PBXFileReference; lastKnownFileType = image.png; path = shapeButton.png; sourceTree = "<group>"; };
		FB6FBDBC1997C3DB00E1103C /* UIImage+Resize.h */ = {isa = PBXFileReference; fileEncoding = 4; lastKnownFileType = sourcecode.c.h; path = "UIImage+Resize.h"; sourceTree = "<group>"; };
		FB6FBDBD1997C3DB00E1103C /* UIImage+Resize.m */ = {isa = PBXFileReference; fileEncoding = 4; lastKnownFileType = sourcecode.c.objc; path = "UIImage+Resize.m"; sourceTree = "<group>"; };
		FB6FBDBF1997C97C00E1103C /* shapeButton.svg */ = {isa = PBXFileReference; fileEncoding = 4; lastKnownFileType = text.xml; path = shapeButton.svg; sourceTree = "<group>"; };
		FB6FBDC11997CB3A00E1103C /* colorButton.png */ = {isa = PBXFileReference; lastKnownFileType = image.png; path = colorButton.png; sourceTree = "<group>"; };
		FB6FBDC21997CB3A00E1103C /* colorButton.svg */ = {isa = PBXFileReference; fileEncoding = 4; lastKnownFileType = text.xml; path = colorButton.svg; sourceTree = "<group>"; };
		FB6FBDC61998E49300E1103C /* gogh.jpg */ = {isa = PBXFileReference; lastKnownFileType = image.jpeg; path = gogh.jpg; sourceTree = "<group>"; };
/* End PBXFileReference section */

/* Begin PBXFrameworksBuildPhase section */
		FB2CD9E019974A6500F0B17A /* Frameworks */ = {
			isa = PBXFrameworksBuildPhase;
			buildActionMask = 2147483647;
			files = (
				FB2CD9E919974A6500F0B17A /* CoreGraphics.framework in Frameworks */,
				FB2CD9EB19974A6500F0B17A /* UIKit.framework in Frameworks */,
				FB2CD9E719974A6500F0B17A /* Foundation.framework in Frameworks */,
			);
			runOnlyForDeploymentPostprocessing = 0;
		};
		FB2CDA0419974A6500F0B17A /* Frameworks */ = {
			isa = PBXFrameworksBuildPhase;
			buildActionMask = 2147483647;
			files = (
				FB2CDA0919974A6500F0B17A /* XCTest.framework in Frameworks */,
				FB2CDA0B19974A6500F0B17A /* UIKit.framework in Frameworks */,
				FB2CDA0A19974A6500F0B17A /* Foundation.framework in Frameworks */,
			);
			runOnlyForDeploymentPostprocessing = 0;
		};
/* End PBXFrameworksBuildPhase section */

/* Begin PBXGroup section */
		FB2CD9DA19974A6500F0B17A = {
			isa = PBXGroup;
			children = (
				FB2CD9EC19974A6500F0B17A /* ScrubPhoto */,
				FB2CDA0E19974A6500F0B17A /* ScrubPhotoTests */,
				FB2CD9E519974A6500F0B17A /* Frameworks */,
				FB2CD9E419974A6500F0B17A /* Products */,
			);
			sourceTree = "<group>";
		};
		FB2CD9E419974A6500F0B17A /* Products */ = {
			isa = PBXGroup;
			children = (
				FB2CD9E319974A6500F0B17A /* ScrubPhoto.app */,
				FB2CDA0719974A6500F0B17A /* ScrubPhotoTests.xctest */,
			);
			name = Products;
			sourceTree = "<group>";
		};
		FB2CD9E519974A6500F0B17A /* Frameworks */ = {
			isa = PBXGroup;
			children = (
				FB2CDA2E19974C1100F0B17A /* iAd.framework */,
				FB2CD9E619974A6500F0B17A /* Foundation.framework */,
				FB2CD9E819974A6500F0B17A /* CoreGraphics.framework */,
				FB2CD9EA19974A6500F0B17A /* UIKit.framework */,
				FB2CDA0819974A6500F0B17A /* XCTest.framework */,
			);
			name = Frameworks;
			sourceTree = "<group>";
		};
		FB2CD9EC19974A6500F0B17A /* ScrubPhoto */ = {
			isa = PBXGroup;
			children = (
				FB6FBDB91997C12100E1103C /* button */,
				FB6FBDB21997C10400E1103C /* sample */,
				FB2CD9F819974A6500F0B17A /* Main_iPhone.storyboard */,
				FB2CD9FB19974A6500F0B17A /* Main_iPad.storyboard */,
				FB2CD9F519974A6500F0B17A /* MUAppDelegate.h */,
				FB2CD9F619974A6500F0B17A /* MUAppDelegate.m */,
				FB2CD9FE19974A6500F0B17A /* MUViewController.h */,
				FB2CD9FF19974A6500F0B17A /* MUViewController.m */,
				FB2CDA1F19974B2700F0B17A /* MUCommonDefine.h */,
				FB2CDA2019974B3C00F0B17A /* MUCommon.c */,
				FB2CDA2219974B7900F0B17A /* MUToolBar.h */,
				FB2CDA2319974B7900F0B17A /* MUToolBar.m */,
				FB2CDA2519974B9600F0B17A /* MUPath.h */,
				FB2CDA2619974B9600F0B17A /* MUPath.m */,
				FB2CDA2819974BB000F0B17A /* MUToast.h */,
				FB2CDA2919974BB000F0B17A /* MUToast.m */,
				FB2CDA2B19974BD800F0B17A /* MUScrubView.h */,
				FB2CDA2C19974BD800F0B17A /* MUScrubView.m */,
				FB2CDA3019974C4700F0B17A /* MUAdView.h */,
				FB2CDA3119974C4700F0B17A /* MUAdView.m */,
				FB6FBDBC1997C3DB00E1103C /* UIImage+Resize.h */,
				FB6FBDBD1997C3DB00E1103C /* UIImage+Resize.m */,
				FB2CDA0119974A6500F0B17A /* Images.xcassets */,
				FB2CD9ED19974A6500F0B17A /* Supporting Files */,
			);
			path = ScrubPhoto;
			sourceTree = "<group>";
		};
		FB2CD9ED19974A6500F0B17A /* Supporting Files */ = {
			isa = PBXGroup;
			children = (
				FB2CD9EE19974A6500F0B17A /* ScrubPhoto-Info.plist */,
				FB2CD9EF19974A6500F0B17A /* InfoPlist.strings */,
				FB2CD9F219974A6500F0B17A /* main.m */,
				FB2CD9F419974A6500F0B17A /* ScrubPhoto-Prefix.pch */,
			);
			name = "Supporting Files";
			sourceTree = "<group>";
		};
		FB2CDA0E19974A6500F0B17A /* ScrubPhotoTests */ = {
			isa = PBXGroup;
			children = (
				FB2CDA1419974A6500F0B17A /* ScrubPhotoTests.m */,
				FB2CDA0F19974A6500F0B17A /* Supporting Files */,
			);
			path = ScrubPhotoTests;
			sourceTree = "<group>";
		};
		FB2CDA0F19974A6500F0B17A /* Supporting Files */ = {
			isa = PBXGroup;
			children = (
				FB2CDA1019974A6500F0B17A /* ScrubPhotoTests-Info.plist */,
				FB2CDA1119974A6500F0B17A /* InfoPlist.strings */,
			);
			name = "Supporting Files";
			sourceTree = "<group>";
		};
		FB6FBDB21997C10400E1103C /* sample */ = {
			isa = PBXGroup;
			children = (
				FB6FBDC61998E49300E1103C /* gogh.jpg */,
				FB6FBDB41997C10400E1103C /* monarisa.jpg */,
			);
			path = sample;
			sourceTree = "<group>";
		};
		FB6FBDB91997C12100E1103C /* button */ = {
			isa = PBXGroup;
			children = (
				FB6FBDC11997CB3A00E1103C /* colorButton.png */,
				FB6FBDC21997CB3A00E1103C /* colorButton.svg */,
				FB6FBDBF1997C97C00E1103C /* shapeButton.svg */,
				FB6FBDBA1997C12100E1103C /* shapeButton.png */,
			);
			path = button;
			sourceTree = "<group>";
		};
/* End PBXGroup section */

/* Begin PBXNativeTarget section */
		FB2CD9E219974A6500F0B17A /* ScrubPhoto */ = {
			isa = PBXNativeTarget;
			buildConfigurationList = FB2CDA1819974A6500F0B17A /* Build configuration list for PBXNativeTarget "ScrubPhoto" */;
			buildPhases = (
				FB2CD9DF19974A6500F0B17A /* Sources */,
				FB2CD9E019974A6500F0B17A /* Frameworks */,
				FB2CD9E119974A6500F0B17A /* Resources */,
			);
			buildRules = (
			);
			dependencies = (
			);
			name = ScrubPhoto;
			productName = ScrubPhoto;
			productReference = FB2CD9E319974A6500F0B17A /* ScrubPhoto.app */;
			productType = "com.apple.product-type.application";
		};
		FB2CDA0619974A6500F0B17A /* ScrubPhotoTests */ = {
			isa = PBXNativeTarget;
			buildConfigurationList = FB2CDA1B19974A6500F0B17A /* Build configuration list for PBXNativeTarget "ScrubPhotoTests" */;
			buildPhases = (
				FB2CDA0319974A6500F0B17A /* Sources */,
				FB2CDA0419974A6500F0B17A /* Frameworks */,
				FB2CDA0519974A6500F0B17A /* Resources */,
			);
			buildRules = (
			);
			dependencies = (
				FB2CDA0D19974A6500F0B17A /* PBXTargetDependency */,
			);
			name = ScrubPhotoTests;
			productName = ScrubPhotoTests;
			productReference = FB2CDA0719974A6500F0B17A /* ScrubPhotoTests.xctest */;
			productType = "com.apple.product-type.bundle.unit-test";
		};
/* End PBXNativeTarget section */

/* Begin PBXProject section */
		FB2CD9DB19974A6500F0B17A /* Project object */ = {
			isa = PBXProject;
			attributes = {
				CLASSPREFIX = MU;
				LastUpgradeCheck = 0510;
				ORGANIZATIONNAME = muratamuu;
				TargetAttributes = {
					FB2CDA0619974A6500F0B17A = {
						TestTargetID = FB2CD9E219974A6500F0B17A;
					};
				};
			};
			buildConfigurationList = FB2CD9DE19974A6500F0B17A /* Build configuration list for PBXProject "ScrubPhoto" */;
			compatibilityVersion = "Xcode 3.2";
			developmentRegion = English;
			hasScannedForEncodings = 0;
			knownRegions = (
				en,
				Base,
			);
			mainGroup = FB2CD9DA19974A6500F0B17A;
			productRefGroup = FB2CD9E419974A6500F0B17A /* Products */;
			projectDirPath = "";
			projectRoot = "";
			targets = (
				FB2CD9E219974A6500F0B17A /* ScrubPhoto */,
				FB2CDA0619974A6500F0B17A /* ScrubPhotoTests */,
			);
		};
/* End PBXProject section */

/* Begin PBXResourcesBuildPhase section */
		FB2CD9E119974A6500F0B17A /* Resources */ = {
			isa = PBXResourcesBuildPhase;
			buildActionMask = 2147483647;
			files = (
				FB2CD9FD19974A6500F0B17A /* Main_iPad.storyboard in Resources */,
				FB6FBDB71997C10400E1103C /* monarisa.jpg in Resources */,
				FB6FBDC41997CB3A00E1103C /* colorButton.svg in Resources */,
				FB2CDA0219974A6500F0B17A /* Images.xcassets in Resources */,
				FB6FBDC31997CB3A00E1103C /* colorButton.png in Resources */,
				FB2CD9FA19974A6500F0B17A /* Main_iPhone.storyboard in Resources */,
				FB6FBDCB1998E49300E1103C /* gogh.jpg in Resources */,
				FB2CD9F119974A6500F0B17A /* InfoPlist.strings in Resources */,
				FB6FBDBB1997C12100E1103C /* shapeButton.png in Resources */,
				FB6FBDC01997C97C00E1103C /* shapeButton.svg in Resources */,
			);
			runOnlyForDeploymentPostprocessing = 0;
		};
		FB2CDA0519974A6500F0B17A /* Resources */ = {
			isa = PBXResourcesBuildPhase;
			buildActionMask = 2147483647;
			files = (
				FB2CDA1319974A6500F0B17A /* InfoPlist.strings in Resources */,
			);
			runOnlyForDeploymentPostprocessing = 0;
		};
/* End PBXResourcesBuildPhase section */

/* Begin PBXSourcesBuildPhase section */
		FB2CD9DF19974A6500F0B17A /* Sources */ = {
			isa = PBXSourcesBuildPhase;
			buildActionMask = 2147483647;
			files = (
				FB2CD9F719974A6500F0B17A /* MUAppDelegate.m in Sources */,
				FB2CDA0019974A6500F0B17A /* MUViewController.m in Sources */,
				FB2CDA2A19974BB000F0B17A /* MUToast.m in Sources */,
				FB2CDA3219974C4700F0B17A /* MUAdView.m in Sources */,
				FB2CDA2719974B9600F0B17A /* MUPath.m in Sources */,
				FB2CDA2D19974BD800F0B17A /* MUScrubView.m in Sources */,
				FB2CDA2419974B7900F0B17A /* MUToolBar.m in Sources */,
				FB2CDA2119974B3C00F0B17A /* MUCommon.c in Sources */,
				FB2CD9F319974A6500F0B17A /* main.m in Sources */,
				FB6FBDBE1997C3DB00E1103C /* UIImage+Resize.m in Sources */,
			);
			runOnlyForDeploymentPostprocessing = 0;
		};
		FB2CDA0319974A6500F0B17A /* Sources */ = {
			isa = PBXSourcesBuildPhase;
			buildActionMask = 2147483647;
			files = (
				FB2CDA1519974A6500F0B17A /* ScrubPhotoTests.m in Sources */,
			);
			runOnlyForDeploymentPostprocessing = 0;
		};
/* End PBXSourcesBuildPhase section */

/* Begin PBXTargetDependency section */
		FB2CDA0D19974A6500F0B17A /* PBXTargetDependency */ = {
			isa = PBXTargetDependency;
			target = FB2CD9E219974A6500F0B17A /* ScrubPhoto */;
			targetProxy = FB2CDA0C19974A6500F0B17A /* PBXContainerItemProxy */;
		};
/* End PBXTargetDependency section */

/* Begin PBXVariantGroup section */
		FB2CD9EF19974A6500F0B17A /* InfoPlist.strings */ = {
			isa = PBXVariantGroup;
			children = (
				FB2CD9F019974A6500F0B17A /* en */,
			);
			name = InfoPlist.strings;
			sourceTree = "<group>";
		};
		FB2CD9F819974A6500F0B17A /* Main_iPhone.storyboard */ = {
			isa = PBXVariantGroup;
			children = (
				FB2CD9F919974A6500F0B17A /* Base */,
			);
			name = Main_iPhone.storyboard;
			sourceTree = "<group>";
		};
		FB2CD9FB19974A6500F0B17A /* Main_iPad.storyboard */ = {
			isa = PBXVariantGroup;
			children = (
				FB2CD9FC19974A6500F0B17A /* Base */,
			);
			name = Main_iPad.storyboard;
			sourceTree = "<group>";
		};
		FB2CDA1119974A6500F0B17A /* InfoPlist.strings */ = {
			isa = PBXVariantGroup;
			children = (
				FB2CDA1219974A6500F0B17A /* en */,
			);
			name = InfoPlist.strings;
			sourceTree = "<group>";
		};
/* End PBXVariantGroup section */

/* Begin XCBuildConfiguration section */
		FB2CDA1619974A6500F0B17A /* Debug */ = {
			isa = XCBuildConfiguration;
			buildSettings = {
				ALWAYS_SEARCH_USER_PATHS = NO;
				CLANG_CXX_LANGUAGE_STANDARD = "gnu++0x";
				CLANG_CXX_LIBRARY = "libc++";
				CLANG_ENABLE_MODULES = YES;
				CLANG_ENABLE_OBJC_ARC = YES;
				CLANG_WARN_BOOL_CONVERSION = YES;
				CLANG_WARN_CONSTANT_CONVERSION = YES;
				CLANG_WARN_DIRECT_OBJC_ISA_USAGE = YES_ERROR;
				CLANG_WARN_EMPTY_BODY = YES;
				CLANG_WARN_ENUM_CONVERSION = YES;
				CLANG_WARN_INT_CONVERSION = YES;
				CLANG_WARN_OBJC_ROOT_CLASS = YES_ERROR;
				CLANG_WARN__DUPLICATE_METHOD_MATCH = YES;
				"CODE_SIGN_IDENTITY[sdk=iphoneos*]" = "iPhone Developer";
				COPY_PHASE_STRIP = NO;
				GCC_C_LANGUAGE_STANDARD = gnu99;
				GCC_DYNAMIC_NO_PIC = NO;
				GCC_OPTIMIZATION_LEVEL = 0;
				GCC_PREPROCESSOR_DEFINITIONS = (
					"DEBUG=1",
					"$(inherited)",
				);
				GCC_SYMBOLS_PRIVATE_EXTERN = NO;
				GCC_WARN_64_TO_32_BIT_CONVERSION = YES;
				GCC_WARN_ABOUT_RETURN_TYPE = YES_ERROR;
				GCC_WARN_UNDECLARED_SELECTOR = YES;
				GCC_WARN_UNINITIALIZED_AUTOS = YES_AGGRESSIVE;
				GCC_WARN_UNUSED_FUNCTION = YES;
				GCC_WARN_UNUSED_VARIABLE = YES;
				IPHONEOS_DEPLOYMENT_TARGET = 7.1;
				ONLY_ACTIVE_ARCH = YES;
				SDKROOT = iphoneos;
				TARGETED_DEVICE_FAMILY = "1,2";
			};
			name = Debug;
		};
		FB2CDA1719974A6500F0B17A /* Release */ = {
			isa = XCBuildConfiguration;
			buildSettings = {
				ALWAYS_SEARCH_USER_PATHS = NO;
				CLANG_CXX_LANGUAGE_STANDARD = "gnu++0x";
				CLANG_CXX_LIBRARY = "libc++";
				CLANG_ENABLE_MODULES = YES;
				CLANG_ENABLE_OBJC_ARC = YES;
				CLANG_WARN_BOOL_CONVERSION = YES;
				CLANG_WARN_CONSTANT_CONVERSION = YES;
				CLANG_WARN_DIRECT_OBJC_ISA_USAGE = YES_ERROR;
				CLANG_WARN_EMPTY_BODY = YES;
				CLANG_WARN_ENUM_CONVERSION = YES;
				CLANG_WARN_INT_CONVERSION = YES;
				CLANG_WARN_OBJC_ROOT_CLASS = YES_ERROR;
				CLANG_WARN__DUPLICATE_METHOD_MATCH = YES;
				CODE_SIGN_IDENTITY = "";
				"CODE_SIGN_IDENTITY[sdk=iphoneos*]" = "iPhone Developer";
				COPY_PHASE_STRIP = YES;
				ENABLE_NS_ASSERTIONS = NO;
				GCC_C_LANGUAGE_STANDARD = gnu99;
				GCC_WARN_64_TO_32_BIT_CONVERSION = YES;
				GCC_WARN_ABOUT_RETURN_TYPE = YES_ERROR;
				GCC_WARN_UNDECLARED_SELECTOR = YES;
				GCC_WARN_UNINITIALIZED_AUTOS = YES_AGGRESSIVE;
				GCC_WARN_UNUSED_FUNCTION = YES;
				GCC_WARN_UNUSED_VARIABLE = YES;
				IPHONEOS_DEPLOYMENT_TARGET = 7.1;
				SDKROOT = iphoneos;
				TARGETED_DEVICE_FAMILY = "1,2";
				VALIDATE_PRODUCT = YES;
			};
			name = Release;
		};
		FB2CDA1919974A6500F0B17A /* Debug */ = {
			isa = XCBuildConfiguration;
			buildSettings = {
				ASSETCATALOG_COMPILER_APPICON_NAME = AppIcon;
				ASSETCATALOG_COMPILER_LAUNCHIMAGE_NAME = LaunchImage;
				GCC_PRECOMPILE_PREFIX_HEADER = YES;
				GCC_PREFIX_HEADER = "ScrubPhoto/ScrubPhoto-Prefix.pch";
				INFOPLIST_FILE = "ScrubPhoto/ScrubPhoto-Info.plist";
				PRODUCT_NAME = "$(TARGET_NAME)";
				PROVISIONING_PROFILE = "54623E49-8E77-455A-8C6C-E91FC2C4B1D5";
				WRAPPER_EXTENSION = app;
			};
			name = Debug;
		};
		FB2CDA1A19974A6500F0B17A /* Release */ = {
			isa = XCBuildConfiguration;
			buildSettings = {
				ASSETCATALOG_COMPILER_APPICON_NAME = AppIcon;
				ASSETCATALOG_COMPILER_LAUNCHIMAGE_NAME = LaunchImage;
				CODE_SIGN_IDENTITY = "iPhone Distribution: Takashi Murata (RMUS7G933D)";
				GCC_PRECOMPILE_PREFIX_HEADER = YES;
				GCC_PREFIX_HEADER = "ScrubPhoto/ScrubPhoto-Prefix.pch";
				INFOPLIST_FILE = "ScrubPhoto/ScrubPhoto-Info.plist";
				PRODUCT_NAME = "$(TARGET_NAME)";
				PROVISIONING_PROFILE = "54623E49-8E77-455A-8C6C-E91FC2C4B1D5";
				WRAPPER_EXTENSION = app;
			};
			name = Release;
		};
		FB2CDA1C19974A6500F0B17A /* Debug */ = {
			isa = XCBuildConfiguration;
			buildSettings = {
				BUNDLE_LOADER = "$(BUILT_PRODUCTS_DIR)/ScrubPhoto.app/ScrubPhoto";
				FRAMEWORK_SEARCH_PATHS = (
					"$(SDKROOT)/Developer/Library/Frameworks",
					"$(inherited)",
					"$(DEVELOPER_FRAMEWORKS_DIR)",
				);
				GCC_PRECOMPILE_PREFIX_HEADER = YES;
				GCC_PREFIX_HEADER = "ScrubPhoto/ScrubPhoto-Prefix.pch";
				GCC_PREPROCESSOR_DEFINITIONS = (
					"DEBUG=1",
					"$(inherited)",
				);
				INFOPLIST_FILE = "ScrubPhotoTests/ScrubPhotoTests-Info.plist";
				PRODUCT_NAME = "$(TARGET_NAME)";
				TEST_HOST = "$(BUNDLE_LOADER)";
				WRAPPER_EXTENSION = xctest;
			};
			name = Debug;
		};
		FB2CDA1D19974A6500F0B17A /* Release */ = {
			isa = XCBuildConfiguration;
			buildSettings = {
				BUNDLE_LOADER = "$(BUILT_PRODUCTS_DIR)/ScrubPhoto.app/ScrubPhoto";
				FRAMEWORK_SEARCH_PATHS = (
					"$(SDKROOT)/Developer/Library/Frameworks",
					"$(inherited)",
					"$(DEVELOPER_FRAMEWORKS_DIR)",
				);
				GCC_PRECOMPILE_PREFIX_HEADER = YES;
				GCC_PREFIX_HEADER = "ScrubPhoto/ScrubPhoto-Prefix.pch";
				INFOPLIST_FILE = "ScrubPhotoTests/ScrubPhotoTests-Info.plist";
				PRODUCT_NAME = "$(TARGET_NAME)";
				TEST_HOST = "$(BUNDLE_LOADER)";
				WRAPPER_EXTENSION = xctest;
			};
			name = Release;
		};
/* End XCBuildConfiguration section */

/* Begin XCConfigurationList section */
		FB2CD9DE19974A6500F0B17A /* Build configuration list for PBXProject "ScrubPhoto" */ = {
			isa = XCConfigurationList;
			buildConfigurations = (
				FB2CDA1619974A6500F0B17A /* Debug */,
				FB2CDA1719974A6500F0B17A /* Release */,
			);
			defaultConfigurationIsVisible = 0;
			defaultConfigurationName = Release;
		};
		FB2CDA1819974A6500F0B17A /* Build configuration list for PBXNativeTarget "ScrubPhoto" */ = {
			isa = XCConfigurationList;
			buildConfigurations = (
				FB2CDA1919974A6500F0B17A /* Debug */,
				FB2CDA1A19974A6500F0B17A /* Release */,
			);
			defaultConfigurationIsVisible = 0;
			defaultConfigurationName = Release;
		};
		FB2CDA1B19974A6500F0B17A /* Build configuration list for PBXNativeTarget "ScrubPhotoTests" */ = {
			isa = XCConfigurationList;
			buildConfigurations = (
				FB2CDA1C19974A6500F0B17A /* Debug */,
				FB2CDA1D19974A6500F0B17A /* Release */,
			);
			defaultConfigurationIsVisible = 0;
			defaultConfigurationName = Release;
		};
/* End XCConfigurationList section */
	};
	rootObject = FB2CD9DB19974A6500F0B17A /* Project object */;
}
